
Microsoft Visual Studio Solution File, Format Version 12.00
# Visual Studio Version 17
VisualStudioVersion = 17.1.32228.430
MinimumVisualStudioVersion = 10.0.40219.1
Project("{FAE04EC0-301F-11D3-BF4B-00C04F79EFBC}") = "kondisi", "kondisi\kondisi.csproj", "{01165CEE-8368-4563-A60C-7DB706424043}"
EndProject
Global
	GlobalSection(SolutionConfigurationPlatforms) = preSolution
		Debug|Any CPU = Debug|Any CPU
		Release|Any CPU = Release|Any CPU
	EndGlobalSection
	GlobalSection(ProjectConfigurationPlatforms) = postSolution
		{01165CEE-8368-4563-A60C-7DB706424043}.Debug|Any CPU.ActiveCfg = Debug|Any CPU
		{01165CEE-8368-4563-A60C-7DB706424043}.Debug|Any CPU.Build.0 = Debug|Any CPU
		{01165CEE-8368-4563-A60C-7DB706424043}.Release|Any CPU.ActiveCfg = Release|Any CPU
		{01165CEE-8368-4563-A60C-7DB706424043}.Release|Any CPU.Build.0 = Release|Any CPU
	EndGlobalSection
	GlobalSection(SolutionProperties) = preSolution
		HideSolutionNode = FALSE
	EndGlobalSection
	GlobalSection(ExtensibilityGlobals) = postSolution
		SolutionGuid = {2C15162C-625E-41C3-B51F-DAE2E63BA9AB}
	EndGlobalSection
EndGlobal
